
Microsoft Visual Studio Solution File, Format Version 12.00
# Visual Studio Version 17
VisualStudioVersion = 17.11.35303.130
MinimumVisualStudioVersion = 10.0.40219.1
Project("{FAE04EC0-301F-11D3-BF4B-00C04F79EFBC}") = "Istat", "Istat\Istat.csproj", "{2FF14C3D-5AD8-4378-9B3C-7A80ADE1F009}"
EndProject
Global
	GlobalSection(SolutionConfigurationPlatforms) = preSolution
		Debug|Any CPU = Debug|Any CPU
		Release|Any CPU = Release|Any CPU
	EndGlobalSection
	GlobalSection(ProjectConfigurationPlatforms) = postSolution
		{2FF14C3D-5AD8-4378-9B3C-7A80ADE1F009}.Debug|Any CPU.ActiveCfg = Debug|Any CPU
		{2FF14C3D-5AD8-4378-9B3C-7A80ADE1F009}.Debug|Any CPU.Build.0 = Debug|Any CPU
		{2FF14C3D-5AD8-4378-9B3C-7A80ADE1F009}.Release|Any CPU.ActiveCfg = Release|Any CPU
		{2FF14C3D-5AD8-4378-9B3C-7A80ADE1F009}.Release|Any CPU.Build.0 = Release|Any CPU
	EndGlobalSection
	GlobalSection(SolutionProperties) = preSolution
		HideSolutionNode = FALSE
	EndGlobalSection
	GlobalSection(ExtensibilityGlobals) = postSolution
		SolutionGuid = {E152B3EB-0BAD-40AA-8503-58EB871942BA}
	EndGlobalSection
EndGlobal
