
Microsoft Visual Studio Solution File, Format Version 12.00
# Visual Studio Version 17
VisualStudioVersion = 17.10.34916.146
MinimumVisualStudioVersion = 10.0.40219.1
Project("{FAE04EC0-301F-11D3-BF4B-00C04F79EFBC}") = "FileCSV-Scrittura", "FileCSV-Scrittura\FileCSV-Scrittura.csproj", "{7AFECFC2-3783-42F1-9D5F-E2E9CBF03FFC}"
EndProject
Global
	GlobalSection(SolutionConfigurationPlatforms) = preSolution
		Debug|Any CPU = Debug|Any CPU
		Release|Any CPU = Release|Any CPU
	EndGlobalSection
	GlobalSection(ProjectConfigurationPlatforms) = postSolution
		{7AFECFC2-3783-42F1-9D5F-E2E9CBF03FFC}.Debug|Any CPU.ActiveCfg = Debug|Any CPU
		{7AFECFC2-3783-42F1-9D5F-E2E9CBF03FFC}.Debug|Any CPU.Build.0 = Debug|Any CPU
		{7AFECFC2-3783-42F1-9D5F-E2E9CBF03FFC}.Release|Any CPU.ActiveCfg = Release|Any CPU
		{7AFECFC2-3783-42F1-9D5F-E2E9CBF03FFC}.Release|Any CPU.Build.0 = Release|Any CPU
	EndGlobalSection
	GlobalSection(SolutionProperties) = preSolution
		HideSolutionNode = FALSE
	EndGlobalSection
	GlobalSection(ExtensibilityGlobals) = postSolution
		SolutionGuid = {333448DC-DB71-4D37-B37F-733975E7D109}
	EndGlobalSection
EndGlobal
