
Microsoft Visual Studio Solution File, Format Version 12.00
# Visual Studio Version 17
VisualStudioVersion = 17.10.34928.147
MinimumVisualStudioVersion = 10.0.40219.1
Project("{FAE04EC0-301F-11D3-BF4B-00C04F79EFBC}") = "GestioneImmobili", "GestioneImmobili\GestioneImmobili.csproj", "{B1B69F6C-CAE2-471C-961B-4F393E617575}"
EndProject
Global
	GlobalSection(SolutionConfigurationPlatforms) = preSolution
		Debug|Any CPU = Debug|Any CPU
		Release|Any CPU = Release|Any CPU
	EndGlobalSection
	GlobalSection(ProjectConfigurationPlatforms) = postSolution
		{B1B69F6C-CAE2-471C-961B-4F393E617575}.Debug|Any CPU.ActiveCfg = Debug|Any CPU
		{B1B69F6C-CAE2-471C-961B-4F393E617575}.Debug|Any CPU.Build.0 = Debug|Any CPU
		{B1B69F6C-CAE2-471C-961B-4F393E617575}.Release|Any CPU.ActiveCfg = Release|Any CPU
		{B1B69F6C-CAE2-471C-961B-4F393E617575}.Release|Any CPU.Build.0 = Release|Any CPU
	EndGlobalSection
	GlobalSection(SolutionProperties) = preSolution
		HideSolutionNode = FALSE
	EndGlobalSection
	GlobalSection(ExtensibilityGlobals) = postSolution
		SolutionGuid = {54767844-D9C9-43EE-853F-D2F6A98F3DF4}
	EndGlobalSection
EndGlobal
