
Microsoft Visual Studio Solution File, Format Version 12.00
# Visual Studio Version 17
VisualStudioVersion = 17.10.35027.167
MinimumVisualStudioVersion = 10.0.40219.1
Project("{FAE04EC0-301F-11D3-BF4B-00C04F79EFBC}") = "RazorVuoto", "RazorVuoto\RazorVuoto.csproj", "{8085E055-1CAF-4648-B52E-429C79D4975A}"
EndProject
Global
	GlobalSection(SolutionConfigurationPlatforms) = preSolution
		Debug|Any CPU = Debug|Any CPU
		Release|Any CPU = Release|Any CPU
	EndGlobalSection
	GlobalSection(ProjectConfigurationPlatforms) = postSolution
		{8085E055-1CAF-4648-B52E-429C79D4975A}.Debug|Any CPU.ActiveCfg = Debug|Any CPU
		{8085E055-1CAF-4648-B52E-429C79D4975A}.Debug|Any CPU.Build.0 = Debug|Any CPU
		{8085E055-1CAF-4648-B52E-429C79D4975A}.Release|Any CPU.ActiveCfg = Release|Any CPU
		{8085E055-1CAF-4648-B52E-429C79D4975A}.Release|Any CPU.Build.0 = Release|Any CPU
	EndGlobalSection
	GlobalSection(SolutionProperties) = preSolution
		HideSolutionNode = FALSE
	EndGlobalSection
	GlobalSection(ExtensibilityGlobals) = postSolution
		SolutionGuid = {6E8058A2-F986-4AAB-B8FD-FB94F72476EB}
	EndGlobalSection
EndGlobal
