
Microsoft Visual Studio Solution File, Format Version 12.00
# Visual Studio Version 17
VisualStudioVersion = 17.10.34928.147
MinimumVisualStudioVersion = 10.0.40219.1
Project("{FAE04EC0-301F-11D3-BF4B-00C04F79EFBC}") = "DatabaseCRUD", "DatabaseCRUD\DatabaseCRUD.csproj", "{E75602C6-109B-4A94-BD64-B80D914F7B9E}"
EndProject
Global
	GlobalSection(SolutionConfigurationPlatforms) = preSolution
		Debug|Any CPU = Debug|Any CPU
		Release|Any CPU = Release|Any CPU
	EndGlobalSection
	GlobalSection(ProjectConfigurationPlatforms) = postSolution
		{E75602C6-109B-4A94-BD64-B80D914F7B9E}.Debug|Any CPU.ActiveCfg = Debug|Any CPU
		{E75602C6-109B-4A94-BD64-B80D914F7B9E}.Debug|Any CPU.Build.0 = Debug|Any CPU
		{E75602C6-109B-4A94-BD64-B80D914F7B9E}.Release|Any CPU.ActiveCfg = Release|Any CPU
		{E75602C6-109B-4A94-BD64-B80D914F7B9E}.Release|Any CPU.Build.0 = Release|Any CPU
	EndGlobalSection
	GlobalSection(SolutionProperties) = preSolution
		HideSolutionNode = FALSE
	EndGlobalSection
	GlobalSection(ExtensibilityGlobals) = postSolution
		SolutionGuid = {1792CCF2-E3C9-43A2-AB0D-5C7AD79491A7}
	EndGlobalSection
EndGlobal
