
Microsoft Visual Studio Solution File, Format Version 12.00
# Visual Studio Version 17
VisualStudioVersion = 17.11.35222.181
MinimumVisualStudioVersion = 10.0.40219.1
Project("{FAE04EC0-301F-11D3-BF4B-00C04F79EFBC}") = "PrestitiVideoteca", "PrestitiVideoteca\PrestitiVideoteca.csproj", "{56D291CE-1940-44DB-92AB-8BAFFA1DB554}"
EndProject
Global
	GlobalSection(SolutionConfigurationPlatforms) = preSolution
		Debug|Any CPU = Debug|Any CPU
		Release|Any CPU = Release|Any CPU
	EndGlobalSection
	GlobalSection(ProjectConfigurationPlatforms) = postSolution
		{56D291CE-1940-44DB-92AB-8BAFFA1DB554}.Debug|Any CPU.ActiveCfg = Debug|Any CPU
		{56D291CE-1940-44DB-92AB-8BAFFA1DB554}.Debug|Any CPU.Build.0 = Debug|Any CPU
		{56D291CE-1940-44DB-92AB-8BAFFA1DB554}.Release|Any CPU.ActiveCfg = Release|Any CPU
		{56D291CE-1940-44DB-92AB-8BAFFA1DB554}.Release|Any CPU.Build.0 = Release|Any CPU
	EndGlobalSection
	GlobalSection(SolutionProperties) = preSolution
		HideSolutionNode = FALSE
	EndGlobalSection
	GlobalSection(ExtensibilityGlobals) = postSolution
		SolutionGuid = {B78779B8-0036-4BCE-B4B1-51E7B2FBAB9C}
	EndGlobalSection
EndGlobal
