
Microsoft Visual Studio Solution File, Format Version 12.00
# Visual Studio Version 17
VisualStudioVersion = 17.11.35222.181
MinimumVisualStudioVersion = 10.0.40219.1
Project("{FAE04EC0-301F-11D3-BF4B-00C04F79EFBC}") = "GamCollezioni", "GamCollezioni\GamCollezioni.csproj", "{3BF01193-62D9-4CB4-ABBF-9E04FCBBBA64}"
EndProject
Global
	GlobalSection(SolutionConfigurationPlatforms) = preSolution
		Debug|Any CPU = Debug|Any CPU
		Release|Any CPU = Release|Any CPU
	EndGlobalSection
	GlobalSection(ProjectConfigurationPlatforms) = postSolution
		{3BF01193-62D9-4CB4-ABBF-9E04FCBBBA64}.Debug|Any CPU.ActiveCfg = Debug|Any CPU
		{3BF01193-62D9-4CB4-ABBF-9E04FCBBBA64}.Debug|Any CPU.Build.0 = Debug|Any CPU
		{3BF01193-62D9-4CB4-ABBF-9E04FCBBBA64}.Release|Any CPU.ActiveCfg = Release|Any CPU
		{3BF01193-62D9-4CB4-ABBF-9E04FCBBBA64}.Release|Any CPU.Build.0 = Release|Any CPU
	EndGlobalSection
	GlobalSection(SolutionProperties) = preSolution
		HideSolutionNode = FALSE
	EndGlobalSection
	GlobalSection(ExtensibilityGlobals) = postSolution
		SolutionGuid = {A82A45E2-0838-4153-B974-2E5112D719C1}
	EndGlobalSection
EndGlobal
