
Microsoft Visual Studio Solution File, Format Version 12.00
# Visual Studio Version 17
VisualStudioVersion = 17.10.34928.147
MinimumVisualStudioVersion = 10.0.40219.1
Project("{FAE04EC0-301F-11D3-BF4B-00C04F79EFBC}") = "LinqLambdaExpression", "LinqLambdaExpression\LinqLambdaExpression.csproj", "{01B3FC94-AD5C-4C1D-A76B-16AC478A3AEB}"
EndProject
Global
	GlobalSection(SolutionConfigurationPlatforms) = preSolution
		Debug|Any CPU = Debug|Any CPU
		Release|Any CPU = Release|Any CPU
	EndGlobalSection
	GlobalSection(ProjectConfigurationPlatforms) = postSolution
		{01B3FC94-AD5C-4C1D-A76B-16AC478A3AEB}.Debug|Any CPU.ActiveCfg = Debug|Any CPU
		{01B3FC94-AD5C-4C1D-A76B-16AC478A3AEB}.Debug|Any CPU.Build.0 = Debug|Any CPU
		{01B3FC94-AD5C-4C1D-A76B-16AC478A3AEB}.Release|Any CPU.ActiveCfg = Release|Any CPU
		{01B3FC94-AD5C-4C1D-A76B-16AC478A3AEB}.Release|Any CPU.Build.0 = Release|Any CPU
	EndGlobalSection
	GlobalSection(SolutionProperties) = preSolution
		HideSolutionNode = FALSE
	EndGlobalSection
	GlobalSection(ExtensibilityGlobals) = postSolution
		SolutionGuid = {97566D2C-FB05-4674-8B80-037B22CAB9A4}
	EndGlobalSection
EndGlobal
