
Microsoft Visual Studio Solution File, Format Version 12.00
# Visual Studio Version 17
VisualStudioVersion = 17.9.34728.123
MinimumVisualStudioVersion = 10.0.40219.1
Project("{FAE04EC0-301F-11D3-BF4B-00C04F79EFBC}") = "NumeroPrimo", "NumeroPrimo\NumeroPrimo.csproj", "{860CA95B-8DED-4FBC-A96C-2D2C0FD77BF5}"
EndProject
Project("{FAE04EC0-301F-11D3-BF4B-00C04F79EFBC}") = "EstrazioneNumeriLotto", "EstrazioneNumeriLotto\EstrazioneNumeriLotto.csproj", "{A21F6136-C013-499E-B2FB-9BFF83A0ED8B}"
EndProject
Project("{FAE04EC0-301F-11D3-BF4B-00C04F79EFBC}") = "SequenzaLancioDadi", "SequenzaLancioDadi\SequenzaLancioDadi.csproj", "{1E5AC28A-EAAE-4B52-BC15-9358086D46A5}"
EndProject
Global
	GlobalSection(SolutionConfigurationPlatforms) = preSolution
		Debug|Any CPU = Debug|Any CPU
		Release|Any CPU = Release|Any CPU
	EndGlobalSection
	GlobalSection(ProjectConfigurationPlatforms) = postSolution
		{860CA95B-8DED-4FBC-A96C-2D2C0FD77BF5}.Debug|Any CPU.ActiveCfg = Debug|Any CPU
		{860CA95B-8DED-4FBC-A96C-2D2C0FD77BF5}.Debug|Any CPU.Build.0 = Debug|Any CPU
		{860CA95B-8DED-4FBC-A96C-2D2C0FD77BF5}.Release|Any CPU.ActiveCfg = Release|Any CPU
		{860CA95B-8DED-4FBC-A96C-2D2C0FD77BF5}.Release|Any CPU.Build.0 = Release|Any CPU
		{A21F6136-C013-499E-B2FB-9BFF83A0ED8B}.Debug|Any CPU.ActiveCfg = Debug|Any CPU
		{A21F6136-C013-499E-B2FB-9BFF83A0ED8B}.Debug|Any CPU.Build.0 = Debug|Any CPU
		{A21F6136-C013-499E-B2FB-9BFF83A0ED8B}.Release|Any CPU.ActiveCfg = Release|Any CPU
		{A21F6136-C013-499E-B2FB-9BFF83A0ED8B}.Release|Any CPU.Build.0 = Release|Any CPU
		{1E5AC28A-EAAE-4B52-BC15-9358086D46A5}.Debug|Any CPU.ActiveCfg = Debug|Any CPU
		{1E5AC28A-EAAE-4B52-BC15-9358086D46A5}.Debug|Any CPU.Build.0 = Debug|Any CPU
		{1E5AC28A-EAAE-4B52-BC15-9358086D46A5}.Release|Any CPU.ActiveCfg = Release|Any CPU
		{1E5AC28A-EAAE-4B52-BC15-9358086D46A5}.Release|Any CPU.Build.0 = Release|Any CPU
	EndGlobalSection
	GlobalSection(SolutionProperties) = preSolution
		HideSolutionNode = FALSE
	EndGlobalSection
	GlobalSection(ExtensibilityGlobals) = postSolution
		SolutionGuid = {4145E37A-E9CB-45F8-BD2C-AFED7984E1F2}
	EndGlobalSection
EndGlobal
