
Microsoft Visual Studio Solution File, Format Version 12.00
# Visual Studio Version 17
VisualStudioVersion = 17.11.35303.130
MinimumVisualStudioVersion = 10.0.40219.1
Project("{FAE04EC0-301F-11D3-BF4B-00C04F79EFBC}") = "CrudAPI", "CrudAPI\CrudAPI.csproj", "{C6F759DE-886D-4191-83CB-E1073075B1B5}"
EndProject
Global
	GlobalSection(SolutionConfigurationPlatforms) = preSolution
		Debug|Any CPU = Debug|Any CPU
		Release|Any CPU = Release|Any CPU
	EndGlobalSection
	GlobalSection(ProjectConfigurationPlatforms) = postSolution
		{C6F759DE-886D-4191-83CB-E1073075B1B5}.Debug|Any CPU.ActiveCfg = Debug|Any CPU
		{C6F759DE-886D-4191-83CB-E1073075B1B5}.Debug|Any CPU.Build.0 = Debug|Any CPU
		{C6F759DE-886D-4191-83CB-E1073075B1B5}.Release|Any CPU.ActiveCfg = Release|Any CPU
		{C6F759DE-886D-4191-83CB-E1073075B1B5}.Release|Any CPU.Build.0 = Release|Any CPU
	EndGlobalSection
	GlobalSection(SolutionProperties) = preSolution
		HideSolutionNode = FALSE
	EndGlobalSection
	GlobalSection(ExtensibilityGlobals) = postSolution
		SolutionGuid = {F3C9E34E-6C50-4412-91F9-A909DEB40FC8}
	EndGlobalSection
EndGlobal
