
Microsoft Visual Studio Solution File, Format Version 12.00
# Visual Studio Version 17
VisualStudioVersion = 17.11.35303.130
MinimumVisualStudioVersion = 10.0.40219.1
Project("{FAE04EC0-301F-11D3-BF4B-00C04F79EFBC}") = "AnagraficaAPI", "AnagraficaAPI\AnagraficaAPI.csproj", "{ED2CE5F4-B72F-414E-9AE4-AD41CFE9A121}"
EndProject
Global
	GlobalSection(SolutionConfigurationPlatforms) = preSolution
		Debug|Any CPU = Debug|Any CPU
		Release|Any CPU = Release|Any CPU
	EndGlobalSection
	GlobalSection(ProjectConfigurationPlatforms) = postSolution
		{ED2CE5F4-B72F-414E-9AE4-AD41CFE9A121}.Debug|Any CPU.ActiveCfg = Debug|Any CPU
		{ED2CE5F4-B72F-414E-9AE4-AD41CFE9A121}.Debug|Any CPU.Build.0 = Debug|Any CPU
		{ED2CE5F4-B72F-414E-9AE4-AD41CFE9A121}.Release|Any CPU.ActiveCfg = Release|Any CPU
		{ED2CE5F4-B72F-414E-9AE4-AD41CFE9A121}.Release|Any CPU.Build.0 = Release|Any CPU
	EndGlobalSection
	GlobalSection(SolutionProperties) = preSolution
		HideSolutionNode = FALSE
	EndGlobalSection
	GlobalSection(ExtensibilityGlobals) = postSolution
		SolutionGuid = {CA59AA56-A851-49D1-894A-837B2D12CE71}
	EndGlobalSection
EndGlobal
